
Microsoft Visual Studio Solution File, Format Version 12.00
# Visual Studio Version 17
VisualStudioVersion = 17.7.34009.444
MinimumVisualStudioVersion = 10.0.40219.1
Project("{54A90642-561A-4BB1-A94E-469ADEE60C69}") = "vueapp", "vueapp\vueapp.esproj", "{49A17E87-B6C0-4ADC-AE91-D5A5E764CFEE}"
EndProject
Project("{9A19103F-16F7-4668-BE54-9A1E7A4F7556}") = "webapi", "webapi\webapi.csproj", "{BB0EC3C2-8BC8-42C0-A3F0-02612401D261}"
EndProject
Global
	GlobalSection(SolutionConfigurationPlatforms) = preSolution
		Debug|Any CPU = Debug|Any CPU
		Release|Any CPU = Release|Any CPU
	EndGlobalSection
	GlobalSection(ProjectConfigurationPlatforms) = postSolution
		{49A17E87-B6C0-4ADC-AE91-D5A5E764CFEE}.Debug|Any CPU.ActiveCfg = Debug|Any CPU
		{49A17E87-B6C0-4ADC-AE91-D5A5E764CFEE}.Debug|Any CPU.Build.0 = Debug|Any CPU
		{49A17E87-B6C0-4ADC-AE91-D5A5E764CFEE}.Debug|Any CPU.Deploy.0 = Debug|Any CPU
		{49A17E87-B6C0-4ADC-AE91-D5A5E764CFEE}.Release|Any CPU.ActiveCfg = Release|Any CPU
		{49A17E87-B6C0-4ADC-AE91-D5A5E764CFEE}.Release|Any CPU.Build.0 = Release|Any CPU
		{49A17E87-B6C0-4ADC-AE91-D5A5E764CFEE}.Release|Any CPU.Deploy.0 = Release|Any CPU
		{BB0EC3C2-8BC8-42C0-A3F0-02612401D261}.Debug|Any CPU.ActiveCfg = Debug|Any CPU
		{BB0EC3C2-8BC8-42C0-A3F0-02612401D261}.Debug|Any CPU.Build.0 = Debug|Any CPU
		{BB0EC3C2-8BC8-42C0-A3F0-02612401D261}.Release|Any CPU.ActiveCfg = Release|Any CPU
		{BB0EC3C2-8BC8-42C0-A3F0-02612401D261}.Release|Any CPU.Build.0 = Release|Any CPU
	EndGlobalSection
	GlobalSection(SolutionProperties) = preSolution
		HideSolutionNode = FALSE
	EndGlobalSection
	GlobalSection(ExtensibilityGlobals) = postSolution
		SolutionGuid = {951A8196-D479-4187-B7B3-FCB26DE9E274}
	EndGlobalSection
EndGlobal
